// !$*UTF8*$!
{
	archiveVersion = 1;
	classes = {
	};
	objectVersion = 77;
	objects = {

/* Begin PBXContainerItemProxy section */
		564D8B3B2CECD197005ADA4D /* PBXContainerItemProxy */ = {
			isa = PBXContainerItemProxy;
			containerPortal = 564D8B222CECD196005ADA4D /* Project object */;
			proxyType = 1;
			remoteGlobalIDString = 564D8B292CECD196005ADA4D;
			remoteInfo = "ToDo List";
		};
		564D8B452CECD197005ADA4D /* PBXContainerItemProxy */ = {
			isa = PBXContainerItemProxy;
			containerPortal = 564D8B222CECD196005ADA4D /* Project object */;
			proxyType = 1;
			remoteGlobalIDString = 564D8B292CECD196005ADA4D;
			remoteInfo = "ToDo List";
		};
/* End PBXContainerItemProxy section */

/* Begin PBXFileReference section */
		564D8B2A2CECD196005ADA4D /* ToDo List.app */ = {isa = PBXFileReference; explicitFileType = wrapper.application; includeInIndex = 0; path = "ToDo List.app"; sourceTree = BUILT_PRODUCTS_DIR; };
		564D8B3A2CECD197005ADA4D /* ToDo ListTests.xctest */ = {isa = PBXFileReference; explicitFileType = wrapper.cfbundle; includeInIndex = 0; path = "ToDo ListTests.xctest"; sourceTree = BUILT_PRODUCTS_DIR; };
		564D8B442CECD197005ADA4D /* ToDo ListUITests.xctest */ = {isa = PBXFileReference; explicitFileType = wrapper.cfbundle; includeInIndex = 0; path = "ToDo ListUITests.xctest"; sourceTree = BUILT_PRODUCTS_DIR; };
/* End PBXFileReference section */

/* Begin PBXFileSystemSynchronizedRootGroup section */
		564D8B2C2CECD196005ADA4D /* ToDo List */ = {
			isa = PBXFileSystemSynchronizedRootGroup;
			path = "ToDo List";
			sourceTree = "<group>";
		};
		564D8B3D2CECD197005ADA4D /* ToDo ListTests */ = {
			isa = PBXFileSystemSynchronizedRootGroup;
			path = "ToDo ListTests";
			sourceTree = "<group>";
		};
		564D8B472CECD197005ADA4D /* ToDo ListUITests */ = {
			isa = PBXFileSystemSynchronizedRootGroup;
			path = "ToDo ListUITests";
			sourceTree = "<group>";
		};
/* End PBXFileSystemSynchronizedRootGroup section */

/* Begin PBXFrameworksBuildPhase section */
		564D8B272CECD196005ADA4D /* Frameworks */ = {
			isa = PBXFrameworksBuildPhase;
			buildActionMask = 2147483647;
			files = (
			);
			runOnlyForDeploymentPostprocessing = 0;
		};
		564D8B372CECD197005ADA4D /* Frameworks */ = {
			isa = PBXFrameworksBuildPhase;
			buildActionMask = 2147483647;
			files = (
			);
			runOnlyForDeploymentPostprocessing = 0;
		};
		564D8B412CECD197005ADA4D /* Frameworks */ = {
			isa = PBXFrameworksBuildPhase;
			buildActionMask = 2147483647;
			files = (
			);
			runOnlyForDeploymentPostprocessing = 0;
		};
/* End PBXFrameworksBuildPhase section */

/* Begin PBXGroup section */
		564D8B212CECD196005ADA4D = {
			isa = PBXGroup;
			children = (
				564D8B2C2CECD196005ADA4D /* ToDo List */,
				564D8B3D2CECD197005ADA4D /* ToDo ListTests */,
				564D8B472CECD197005ADA4D /* ToDo ListUITests */,
				564D8B2B2CECD196005ADA4D /* Products */,
			);
			sourceTree = "<group>";
		};
		564D8B2B2CECD196005ADA4D /* Products */ = {
			isa = PBXGroup;
			children = (
				564D8B2A2CECD196005ADA4D /* ToDo List.app */,
				564D8B3A2CECD197005ADA4D /* ToDo ListTests.xctest */,
				564D8B442CECD197005ADA4D /* ToDo ListUITests.xctest */,
			);
			name = Products;
			sourceTree = "<group>";
		};
/* End PBXGroup section */

/* Begin PBXNativeTarget section */
		564D8B292CECD196005ADA4D /* ToDo List */ = {
			isa = PBXNativeTarget;
			buildConfigurationList = 564D8B4E2CECD197005ADA4D /* Build configuration list for PBXNativeTarget "ToDo List" */;
			buildPhases = (
				564D8B262CECD196005ADA4D /* Sources */,
				564D8B272CECD196005ADA4D /* Frameworks */,
				564D8B282CECD196005ADA4D /* Resources */,
			);
			buildRules = (
			);
			dependencies = (
			);
			fileSystemSynchronizedGroups = (
				564D8B2C2CECD196005ADA4D /* ToDo List */,
			);
			name = "ToDo List";
			packageProductDependencies = (
			);
			productName = "ToDo List";
			productReference = 564D8B2A2CECD196005ADA4D /* ToDo List.app */;
			productType = "com.apple.product-type.application";
		};
		564D8B392CECD197005ADA4D /* ToDo ListTests */ = {
			isa = PBXNativeTarget;
			buildConfigurationList = 564D8B512CECD197005ADA4D /* Build configuration list for PBXNativeTarget "ToDo ListTests" */;
			buildPhases = (
				564D8B362CECD197005ADA4D /* Sources */,
				564D8B372CECD197005ADA4D /* Frameworks */,
				564D8B382CECD197005ADA4D /* Resources */,
			);
			buildRules = (
			);
			dependencies = (
				564D8B3C2CECD197005ADA4D /* PBXTargetDependency */,
			);
			fileSystemSynchronizedGroups = (
				564D8B3D2CECD197005ADA4D /* ToDo ListTests */,
			);
			name = "ToDo ListTests";
			packageProductDependencies = (
			);
			productName = "ToDo ListTests";
			productReference = 564D8B3A2CECD197005ADA4D /* ToDo ListTests.xctest */;
			productType = "com.apple.product-type.bundle.unit-test";
		};
		564D8B432CECD197005ADA4D /* ToDo ListUITests */ = {
			isa = PBXNativeTarget;
			buildConfigurationList = 564D8B542CECD197005ADA4D /* Build configuration list for PBXNativeTarget "ToDo ListUITests" */;
			buildPhases = (
				564D8B402CECD197005ADA4D /* Sources */,
				564D8B412CECD197005ADA4D /* Frameworks */,
				564D8B422CECD197005ADA4D /* Resources */,
			);
			buildRules = (
			);
			dependencies = (
				564D8B462CECD197005ADA4D /* PBXTargetDependency */,
			);
			fileSystemSynchronizedGroups = (
				564D8B472CECD197005ADA4D /* ToDo ListUITests */,
			);
			name = "ToDo ListUITests";
			packageProductDependencies = (
			);
			productName = "ToDo ListUITests";
			productReference = 564D8B442CECD197005ADA4D /* ToDo ListUITests.xctest */;
			productType = "com.apple.product-type.bundle.ui-testing";
		};
/* End PBXNativeTarget section */

/* Begin PBXProject section */
		564D8B222CECD196005ADA4D /* Project object */ = {
			isa = PBXProject;
			attributes = {
				BuildIndependentTargetsInParallel = 1;
				LastSwiftUpdateCheck = 1600;
				LastUpgradeCheck = 1600;
				TargetAttributes = {
					564D8B292CECD196005ADA4D = {
						CreatedOnToolsVersion = 16.0;
					};
					564D8B392CECD197005ADA4D = {
						CreatedOnToolsVersion = 16.0;
						TestTargetID = 564D8B292CECD196005ADA4D;
					};
					564D8B432CECD197005ADA4D = {
						CreatedOnToolsVersion = 16.0;
						TestTargetID = 564D8B292CECD196005ADA4D;
					};
				};
			};
			buildConfigurationList = 564D8B252CECD196005ADA4D /* Build configuration list for PBXProject "ToDo List" */;
			developmentRegion = en;
			hasScannedForEncodings = 0;
			knownRegions = (
				en,
				Base,
			);
			mainGroup = 564D8B212CECD196005ADA4D;
			minimizedProjectReferenceProxies = 1;
			preferredProjectObjectVersion = 77;
			productRefGroup = 564D8B2B2CECD196005ADA4D /* Products */;
			projectDirPath = "";
			projectRoot = "";
			targets = (
				564D8B292CECD196005ADA4D /* ToDo List */,
				564D8B392CECD197005ADA4D /* ToDo ListTests */,
				564D8B432CECD197005ADA4D /* ToDo ListUITests */,
			);
		};
/* End PBXProject section */

/* Begin PBXResourcesBuildPhase section */
		564D8B282CECD196005ADA4D /* Resources */ = {
			isa = PBXResourcesBuildPhase;
			buildActionMask = 2147483647;
			files = (
			);
			runOnlyForDeploymentPostprocessing = 0;
		};
		564D8B382CECD197005ADA4D /* Resources */ = {
			isa = PBXResourcesBuildPhase;
			buildActionMask = 2147483647;
			files = (
			);
			runOnlyForDeploymentPostprocessing = 0;
		};
		564D8B422CECD197005ADA4D /* Resources */ = {
			isa = PBXResourcesBuildPhase;
			buildActionMask = 2147483647;
			files = (
			);
			runOnlyForDeploymentPostprocessing = 0;
		};
/* End PBXResourcesBuildPhase section */

/* Begin PBXSourcesBuildPhase section */
		564D8B262CECD196005ADA4D /* Sources */ = {
			isa = PBXSourcesBuildPhase;
			buildActionMask = 2147483647;
			files = (
			);
			runOnlyForDeploymentPostprocessing = 0;
		};
		564D8B362CECD197005ADA4D /* Sources */ = {
			isa = PBXSourcesBuildPhase;
			buildActionMask = 2147483647;
			files = (
			);
			runOnlyForDeploymentPostprocessing = 0;
		};
		564D8B402CECD197005ADA4D /* Sources */ = {
			isa = PBXSourcesBuildPhase;
			buildActionMask = 2147483647;
			files = (
			);
			runOnlyForDeploymentPostprocessing = 0;
		};
/* End PBXSourcesBuildPhase section */

/* Begin PBXTargetDependency section */
		564D8B3C2CECD197005ADA4D /* PBXTargetDependency */ = {
			isa = PBXTargetDependency;
			target = 564D8B292CECD196005ADA4D /* ToDo List */;
			targetProxy = 564D8B3B2CECD197005ADA4D /* PBXContainerItemProxy */;
		};
		564D8B462CECD197005ADA4D /* PBXTargetDependency */ = {
			isa = PBXTargetDependency;
			target = 564D8B292CECD196005ADA4D /* ToDo List */;
			targetProxy = 564D8B452CECD197005ADA4D /* PBXContainerItemProxy */;
		};
/* End PBXTargetDependency section */

/* Begin XCBuildConfiguration section */
		564D8B4C2CECD197005ADA4D /* Debug */ = {
			isa = XCBuildConfiguration;
			buildSettings = {
				ALWAYS_SEARCH_USER_PATHS = NO;
				ASSETCATALOG_COMPILER_GENERATE_SWIFT_ASSET_SYMBOL_EXTENSIONS = YES;
				CLANG_ANALYZER_NONNULL = YES;
				CLANG_ANALYZER_NUMBER_OBJECT_CONVERSION = YES_AGGRESSIVE;
				CLANG_CXX_LANGUAGE_STANDARD = "gnu++20";
				CLANG_ENABLE_MODULES = YES;
				CLANG_ENABLE_OBJC_ARC = YES;
				CLANG_ENABLE_OBJC_WEAK = YES;
				CLANG_WARN_BLOCK_CAPTURE_AUTORELEASING = YES;
				CLANG_WARN_BOOL_CONVERSION = YES;
				CLANG_WARN_COMMA = YES;
				CLANG_WARN_CONSTANT_CONVERSION = YES;
				CLANG_WARN_DEPRECATED_OBJC_IMPLEMENTATIONS = YES;
				CLANG_WARN_DIRECT_OBJC_ISA_USAGE = YES_ERROR;
				CLANG_WARN_DOCUMENTATION_COMMENTS = YES;
				CLANG_WARN_EMPTY_BODY = YES;
				CLANG_WARN_ENUM_CONVERSION = YES;
				CLANG_WARN_INFINITE_RECURSION = YES;
				CLANG_WARN_INT_CONVERSION = YES;
				CLANG_WARN_NON_LITERAL_NULL_CONVERSION = YES;
				CLANG_WARN_OBJC_IMPLICIT_RETAIN_SELF = YES;
				CLANG_WARN_OBJC_LITERAL_CONVERSION = YES;
				CLANG_WARN_OBJC_ROOT_CLASS = YES_ERROR;
				CLANG_WARN_QUOTED_INCLUDE_IN_FRAMEWORK_HEADER = YES;
				CLANG_WARN_RANGE_LOOP_ANALYSIS = YES;
				CLANG_WARN_STRICT_PROTOTYPES = YES;
				CLANG_WARN_SUSPICIOUS_MOVE = YES;
				CLANG_WARN_UNGUARDED_AVAILABILITY = YES_AGGRESSIVE;
				CLANG_WARN_UNREACHABLE_CODE = YES;
				CLANG_WARN__DUPLICATE_METHOD_MATCH = YES;
				COPY_PHASE_STRIP = NO;
				DEBUG_INFORMATION_FORMAT = dwarf;
				ENABLE_STRICT_OBJC_MSGSEND = YES;
				ENABLE_TESTABILITY = YES;
				ENABLE_USER_SCRIPT_SANDBOXING = YES;
				GCC_C_LANGUAGE_STANDARD = gnu17;
				GCC_DYNAMIC_NO_PIC = NO;
				GCC_NO_COMMON_BLOCKS = YES;
				GCC_OPTIMIZATION_LEVEL = 0;
				GCC_PREPROCESSOR_DEFINITIONS = (
					"DEBUG=1",
					"$(inherited)",
				);
				GCC_WARN_64_TO_32_BIT_CONVERSION = YES;
				GCC_WARN_ABOUT_RETURN_TYPE = YES_ERROR;
				GCC_WARN_UNDECLARED_SELECTOR = YES;
				GCC_WARN_UNINITIALIZED_AUTOS = YES_AGGRESSIVE;
				GCC_WARN_UNUSED_FUNCTION = YES;
				GCC_WARN_UNUSED_VARIABLE = YES;
				IPHONEOS_DEPLOYMENT_TARGET = 18.0;
				LOCALIZATION_PREFERS_STRING_CATALOGS = YES;
				MTL_ENABLE_DEBUG_INFO = INCLUDE_SOURCE;
				MTL_FAST_MATH = YES;
				ONLY_ACTIVE_ARCH = YES;
				SDKROOT = iphoneos;
				SWIFT_ACTIVE_COMPILATION_CONDITIONS = "DEBUG $(inherited)";
				SWIFT_OPTIMIZATION_LEVEL = "-Onone";
			};
			name = Debug;
		};
		564D8B4D2CECD197005ADA4D /* Release */ = {
			isa = XCBuildConfiguration;
			buildSettings = {
				ALWAYS_SEARCH_USER_PATHS = NO;
				ASSETCATALOG_COMPILER_GENERATE_SWIFT_ASSET_SYMBOL_EXTENSIONS = YES;
				CLANG_ANALYZER_NONNULL = YES;
				CLANG_ANALYZER_NUMBER_OBJECT_CONVERSION = YES_AGGRESSIVE;
				CLANG_CXX_LANGUAGE_STANDARD = "gnu++20";
				CLANG_ENABLE_MODULES = YES;
				CLANG_ENABLE_OBJC_ARC = YES;
				CLANG_ENABLE_OBJC_WEAK = YES;
				CLANG_WARN_BLOCK_CAPTURE_AUTORELEASING = YES;
				CLANG_WARN_BOOL_CONVERSION = YES;
				CLANG_WARN_COMMA = YES;
				CLANG_WARN_CONSTANT_CONVERSION = YES;
				CLANG_WARN_DEPRECATED_OBJC_IMPLEMENTATIONS = YES;
				CLANG_WARN_DIRECT_OBJC_ISA_USAGE = YES_ERROR;
				CLANG_WARN_DOCUMENTATION_COMMENTS = YES;
				CLANG_WARN_EMPTY_BODY = YES;
				CLANG_WARN_ENUM_CONVERSION = YES;
				CLANG_WARN_INFINITE_RECURSION = YES;
				CLANG_WARN_INT_CONVERSION = YES;
				CLANG_WARN_NON_LITERAL_NULL_CONVERSION = YES;
				CLANG_WARN_OBJC_IMPLICIT_RETAIN_SELF = YES;
				CLANG_WARN_OBJC_LITERAL_CONVERSION = YES;
				CLANG_WARN_OBJC_ROOT_CLASS = YES_ERROR;
				CLANG_WARN_QUOTED_INCLUDE_IN_FRAMEWORK_HEADER = YES;
				CLANG_WARN_RANGE_LOOP_ANALYSIS = YES;
				CLANG_WARN_STRICT_PROTOTYPES = YES;
				CLANG_WARN_SUSPICIOUS_MOVE = YES;
				CLANG_WARN_UNGUARDED_AVAILABILITY = YES_AGGRESSIVE;
				CLANG_WARN_UNREACHABLE_CODE = YES;
				CLANG_WARN__DUPLICATE_METHOD_MATCH = YES;
				COPY_PHASE_STRIP = NO;
				DEBUG_INFORMATION_FORMAT = "dwarf-with-dsym";
				ENABLE_NS_ASSERTIONS = NO;
				ENABLE_STRICT_OBJC_MSGSEND = YES;
				ENABLE_USER_SCRIPT_SANDBOXING = YES;
				GCC_C_LANGUAGE_STANDARD = gnu17;
				GCC_NO_COMMON_BLOCKS = YES;
				GCC_WARN_64_TO_32_BIT_CONVERSION = YES;
				GCC_WARN_ABOUT_RETURN_TYPE = YES_ERROR;
				GCC_WARN_UNDECLARED_SELECTOR = YES;
				GCC_WARN_UNINITIALIZED_AUTOS = YES_AGGRESSIVE;
				GCC_WARN_UNUSED_FUNCTION = YES;
				GCC_WARN_UNUSED_VARIABLE = YES;
				IPHONEOS_DEPLOYMENT_TARGET = 18.0;
				LOCALIZATION_PREFERS_STRING_CATALOGS = YES;
				MTL_ENABLE_DEBUG_INFO = NO;
				MTL_FAST_MATH = YES;
				SDKROOT = iphoneos;
				SWIFT_COMPILATION_MODE = wholemodule;
				VALIDATE_PRODUCT = YES;
			};
			name = Release;
		};
		564D8B4F2CECD197005ADA4D /* Debug */ = {
			isa = XCBuildConfiguration;
			buildSettings = {
				ASSETCATALOG_COMPILER_APPICON_NAME = AppIcon;
				ASSETCATALOG_COMPILER_GLOBAL_ACCENT_COLOR_NAME = AccentColor;
				CODE_SIGN_STYLE = Automatic;
				CURRENT_PROJECT_VERSION = 1;
				DEVELOPMENT_ASSET_PATHS = "\"ToDo List/Preview Content\"";
				DEVELOPMENT_TEAM = 53CLXZVRX6;
				ENABLE_PREVIEWS = YES;
				GENERATE_INFOPLIST_FILE = YES;
				INFOPLIST_KEY_UIApplicationSceneManifest_Generation = YES;
				INFOPLIST_KEY_UIApplicationSupportsIndirectInputEvents = YES;
				INFOPLIST_KEY_UILaunchScreen_Generation = YES;
				INFOPLIST_KEY_UISupportedInterfaceOrientations_iPad = "UIInterfaceOrientationPortrait UIInterfaceOrientationPortraitUpsideDown UIInterfaceOrientationLandscapeLeft UIInterfaceOrientationLandscapeRight";
				INFOPLIST_KEY_UISupportedInterfaceOrientations_iPhone = "UIInterfaceOrientationPortrait UIInterfaceOrientationLandscapeLeft UIInterfaceOrientationLandscapeRight";
				LD_RUNPATH_SEARCH_PATHS = (
					"$(inherited)",
					"@executable_path/Frameworks",
				);
				MARKETING_VERSION = 1.0;
				PRODUCT_BUNDLE_IDENTIFIER = "edffdsfgh.ToDo-List";
				PRODUCT_NAME = "$(TARGET_NAME)";
				SWIFT_EMIT_LOC_STRINGS = YES;
				SWIFT_VERSION = 5.0;
				TARGETED_DEVICE_FAMILY = "1,2";
			};
			name = Debug;
		};
		564D8B502CECD197005ADA4D /* Release */ = {
			isa = XCBuildConfiguration;
			buildSettings = {
				ASSETCATALOG_COMPILER_APPICON_NAME = AppIcon;
				ASSETCATALOG_COMPILER_GLOBAL_ACCENT_COLOR_NAME = AccentColor;
				CODE_SIGN_STYLE = Automatic;
				CURRENT_PROJECT_VERSION = 1;
				DEVELOPMENT_ASSET_PATHS = "\"ToDo List/Preview Content\"";
				DEVELOPMENT_TEAM = 53CLXZVRX6;
				ENABLE_PREVIEWS = YES;
				GENERATE_INFOPLIST_FILE = YES;
				INFOPLIST_KEY_UIApplicationSceneManifest_Generation = YES;
				INFOPLIST_KEY_UIApplicationSupportsIndirectInputEvents = YES;
				INFOPLIST_KEY_UILaunchScreen_Generation = YES;
				INFOPLIST_KEY_UISupportedInterfaceOrientations_iPad = "UIInterfaceOrientationPortrait UIInterfaceOrientationPortraitUpsideDown UIInterfaceOrientationLandscapeLeft UIInterfaceOrientationLandscapeRight";
				INFOPLIST_KEY_UISupportedInterfaceOrientations_iPhone = "UIInterfaceOrientationPortrait UIInterfaceOrientationLandscapeLeft UIInterfaceOrientationLandscapeRight";
				LD_RUNPATH_SEARCH_PATHS = (
					"$(inherited)",
					"@executable_path/Frameworks",
				);
				MARKETING_VERSION = 1.0;
				PRODUCT_BUNDLE_IDENTIFIER = "edffdsfgh.ToDo-List";
				PRODUCT_NAME = "$(TARGET_NAME)";
				SWIFT_EMIT_LOC_STRINGS = YES;
				SWIFT_VERSION = 5.0;
				TARGETED_DEVICE_FAMILY = "1,2";
			};
			name = Release;
		};
		564D8B522CECD197005ADA4D /* Debug */ = {
			isa = XCBuildConfiguration;
			buildSettings = {
				BUNDLE_LOADER = "$(TEST_HOST)";
				CODE_SIGN_STYLE = Automatic;
				CURRENT_PROJECT_VERSION = 1;
				DEVELOPMENT_TEAM = 53CLXZVRX6;
				GENERATE_INFOPLIST_FILE = YES;
				IPHONEOS_DEPLOYMENT_TARGET = 18.0;
				MARKETING_VERSION = 1.0;
				PRODUCT_BUNDLE_IDENTIFIER = "edffdsfgh.ToDo-ListTests";
				PRODUCT_NAME = "$(TARGET_NAME)";
				SWIFT_EMIT_LOC_STRINGS = NO;
				SWIFT_VERSION = 5.0;
				TARGETED_DEVICE_FAMILY = "1,2";
				TEST_HOST = "$(BUILT_PRODUCTS_DIR)/ToDo List.app/$(BUNDLE_EXECUTABLE_FOLDER_PATH)/ToDo List";
			};
			name = Debug;
		};
		564D8B532CECD197005ADA4D /* Release */ = {
			isa = XCBuildConfiguration;
			buildSettings = {
				BUNDLE_LOADER = "$(TEST_HOST)";
				CODE_SIGN_STYLE = Automatic;
				CURRENT_PROJECT_VERSION = 1;
				DEVELOPMENT_TEAM = 53CLXZVRX6;
				GENERATE_INFOPLIST_FILE = YES;
				IPHONEOS_DEPLOYMENT_TARGET = 18.0;
				MARKETING_VERSION = 1.0;
				PRODUCT_BUNDLE_IDENTIFIER = "edffdsfgh.ToDo-ListTests";
				PRODUCT_NAME = "$(TARGET_NAME)";
				SWIFT_EMIT_LOC_STRINGS = NO;
				SWIFT_VERSION = 5.0;
				TARGETED_DEVICE_FAMILY = "1,2";
				TEST_HOST = "$(BUILT_PRODUCTS_DIR)/ToDo List.app/$(BUNDLE_EXECUTABLE_FOLDER_PATH)/ToDo List";
			};
			name = Release;
		};
		564D8B552CECD197005ADA4D /* Debug */ = {
			isa = XCBuildConfiguration;
			buildSettings = {
				CODE_SIGN_STYLE = Automatic;
				CURRENT_PROJECT_VERSION = 1;
				DEVELOPMENT_TEAM = 53CLXZVRX6;
				GENERATE_INFOPLIST_FILE = YES;
				MARKETING_VERSION = 1.0;
				PRODUCT_BUNDLE_IDENTIFIER = "edffdsfgh.ToDo-ListUITests";
				PRODUCT_NAME = "$(TARGET_NAME)";
				SWIFT_EMIT_LOC_STRINGS = NO;
				SWIFT_VERSION = 5.0;
				TARGETED_DEVICE_FAMILY = "1,2";
				TEST_TARGET_NAME = "ToDo List";
			};
			name = Debug;
		};
		564D8B562CECD197005ADA4D /* Release */ = {
			isa = XCBuildConfiguration;
			buildSettings = {
				CODE_SIGN_STYLE = Automatic;
				CURRENT_PROJECT_VERSION = 1;
				DEVELOPMENT_TEAM = 53CLXZVRX6;
				GENERATE_INFOPLIST_FILE = YES;
				MARKETING_VERSION = 1.0;
				PRODUCT_BUNDLE_IDENTIFIER = "edffdsfgh.ToDo-ListUITests";
				PRODUCT_NAME = "$(TARGET_NAME)";
				SWIFT_EMIT_LOC_STRINGS = NO;
				SWIFT_VERSION = 5.0;
				TARGETED_DEVICE_FAMILY = "1,2";
				TEST_TARGET_NAME = "ToDo List";
			};
			name = Release;
		};
/* End XCBuildConfiguration section */

/* Begin XCConfigurationList section */
		564D8B252CECD196005ADA4D /* Build configuration list for PBXProject "ToDo List" */ = {
			isa = XCConfigurationList;
			buildConfigurations = (
				564D8B4C2CECD197005ADA4D /* Debug */,
				564D8B4D2CECD197005ADA4D /* Release */,
			);
			defaultConfigurationIsVisible = 0;
			defaultConfigurationName = Release;
		};
		564D8B4E2CECD197005ADA4D /* Build configuration list for PBXNativeTarget "ToDo List" */ = {
			isa = XCConfigurationList;
			buildConfigurations = (
				564D8B4F2CECD197005ADA4D /* Debug */,
				564D8B502CECD197005ADA4D /* Release */,
			);
			defaultConfigurationIsVisible = 0;
			defaultConfigurationName = Release;
		};
		564D8B512CECD197005ADA4D /* Build configuration list for PBXNativeTarget "ToDo ListTests" */ = {
			isa = XCConfigurationList;
			buildConfigurations = (
				564D8B522CECD197005ADA4D /* Debug */,
				564D8B532CECD197005ADA4D /* Release */,
			);
			defaultConfigurationIsVisible = 0;
			defaultConfigurationName = Release;
		};
		564D8B542CECD197005ADA4D /* Build configuration list for PBXNativeTarget "ToDo ListUITests" */ = {
			isa = XCConfigurationList;
			buildConfigurations = (
				564D8B552CECD197005ADA4D /* Debug */,
				564D8B562CECD197005ADA4D /* Release */,
			);
			defaultConfigurationIsVisible = 0;
			defaultConfigurationName = Release;
		};
/* End XCConfigurationList section */
	};
	rootObject = 564D8B222CECD196005ADA4D /* Project object */;
}
